
Microsoft Visual Studio Solution File, Format Version 12.00
# Visual Studio Version 17
VisualStudioVersion = 17.6.33829.357
MinimumVisualStudioVersion = 10.0.40219.1
Project("{FAE04EC0-301F-11D3-BF4B-00C04F79EFBC}") = "sample", "sample\sample.csproj", "{4852FF71-7994-485C-8D54-34AC10FF277B}"
EndProject
Global
	GlobalSection(SolutionConfigurationPlatforms) = preSolution
		Debug|Any CPU = Debug|Any CPU
		Release|Any CPU = Release|Any CPU
	EndGlobalSection
	GlobalSection(ProjectConfigurationPlatforms) = postSolution
		{4852FF71-7994-485C-8D54-34AC10FF277B}.Debug|Any CPU.ActiveCfg = Debug|Any CPU
		{4852FF71-7994-485C-8D54-34AC10FF277B}.Debug|Any CPU.Build.0 = Debug|Any CPU
		{4852FF71-7994-485C-8D54-34AC10FF277B}.Release|Any CPU.ActiveCfg = Release|Any CPU
		{4852FF71-7994-485C-8D54-34AC10FF277B}.Release|Any CPU.Build.0 = Release|Any CPU
	EndGlobalSection
	GlobalSection(SolutionProperties) = preSolution
		HideSolutionNode = FALSE
	EndGlobalSection
	GlobalSection(ExtensibilityGlobals) = postSolution
		SolutionGuid = {4AAD0725-A2F2-4D82-8BF7-2A54778F875D}
	EndGlobalSection
EndGlobal
